
Microsoft Visual Studio Solution File, Format Version 12.00
# Visual Studio Version 17
VisualStudioVersion = 17.2.32630.192
MinimumVisualStudioVersion = 10.0.40219.1
Project("{FAE04EC0-301F-11D3-BF4B-00C04F79EFBC}") = "asp.net-core-6-jwt-authentication", "asp.net-core-6-jwt-authentication.csproj", "{46CF607E-0689-49ED-8742-8E0D064CD8AF}"
EndProject
Global
	GlobalSection(SolutionConfigurationPlatforms) = preSolution
		Debug|Any CPU = Debug|Any CPU
		Release|Any CPU = Release|Any CPU
	EndGlobalSection
	GlobalSection(ProjectConfigurationPlatforms) = postSolution
		{46CF607E-0689-49ED-8742-8E0D064CD8AF}.Debug|Any CPU.ActiveCfg = Debug|Any CPU
		{46CF607E-0689-49ED-8742-8E0D064CD8AF}.Debug|Any CPU.Build.0 = Debug|Any CPU
		{46CF607E-0689-49ED-8742-8E0D064CD8AF}.Release|Any CPU.ActiveCfg = Release|Any CPU
		{46CF607E-0689-49ED-8742-8E0D064CD8AF}.Release|Any CPU.Build.0 = Release|Any CPU
	EndGlobalSection
	GlobalSection(SolutionProperties) = preSolution
		HideSolutionNode = FALSE
	EndGlobalSection
	GlobalSection(ExtensibilityGlobals) = postSolution
		SolutionGuid = {A364244F-08C7-4754-BE9A-32E5C7B1F6A7}
	EndGlobalSection
EndGlobal
